
Microsoft Visual Studio Solution File, Format Version 12.00
# Visual Studio Version 17
VisualStudioVersion = 17.5.002.0
MinimumVisualStudioVersion = 10.0.40219.1
Project("{9A19103F-16F7-4668-BE54-9A1E7A4F7556}") = "api", "api\api.csproj", "{74881BF3-797D-42C6-87EE-A4B649D11D92}"
EndProject
Global
	GlobalSection(SolutionConfigurationPlatforms) = preSolution
		Debug|Any CPU = Debug|Any CPU
		Release|Any CPU = Release|Any CPU
	EndGlobalSection
	GlobalSection(ProjectConfigurationPlatforms) = postSolution
		{74881BF3-797D-42C6-87EE-A4B649D11D92}.Debug|Any CPU.ActiveCfg = Debug|Any CPU
		{74881BF3-797D-42C6-87EE-A4B649D11D92}.Debug|Any CPU.Build.0 = Debug|Any CPU
		{74881BF3-797D-42C6-87EE-A4B649D11D92}.Release|Any CPU.ActiveCfg = Release|Any CPU
		{74881BF3-797D-42C6-87EE-A4B649D11D92}.Release|Any CPU.Build.0 = Release|Any CPU
	EndGlobalSection
	GlobalSection(SolutionProperties) = preSolution
		HideSolutionNode = FALSE
	EndGlobalSection
	GlobalSection(ExtensibilityGlobals) = postSolution
		SolutionGuid = {8B8F23DE-5BA1-4C75-84F5-3FB56D3E2AA0}
	EndGlobalSection
EndGlobal
